// !$*UTF8*$!
{
	archiveVersion = 1;
	classes = {
	};
	objectVersion = 48;
	objects = {

/* Begin PBXBuildFile section */
		567FE4DD4730D8D19607AFC8 /* Pods_data_structure.framework in Frameworks */ = {isa = PBXBuildFile; fileRef = 7C2B863998EEE776BC4954FA /* Pods_data_structure.framework */; };
		8550CB5F1FA481E100D13C7E /* AppDelegate.swift in Sources */ = {isa = PBXBuildFile; fileRef = 8550CB5E1FA481E100D13C7E /* AppDelegate.swift */; };
		8550CB611FA481E100D13C7E /* ViewController.swift in Sources */ = {isa = PBXBuildFile; fileRef = 8550CB601FA481E100D13C7E /* ViewController.swift */; };
		8550CB641FA481E100D13C7E /* Main.storyboard in Resources */ = {isa = PBXBuildFile; fileRef = 8550CB621FA481E100D13C7E /* Main.storyboard */; };
		8550CB661FA481E100D13C7E /* Assets.xcassets in Resources */ = {isa = PBXBuildFile; fileRef = 8550CB651FA481E100D13C7E /* Assets.xcassets */; };
		8550CB691FA481E100D13C7E /* LaunchScreen.storyboard in Resources */ = {isa = PBXBuildFile; fileRef = 8550CB671FA481E100D13C7E /* LaunchScreen.storyboard */; };
		8550CB711FA4879900D13C7E /* Post.swift in Sources */ = {isa = PBXBuildFile; fileRef = 8550CB701FA4879900D13C7E /* Post.swift */; };
		8550CB731FA48B2500D13C7E /* GoogleService-Info.plist in Resources */ = {isa = PBXBuildFile; fileRef = 8550CB721FA48B2200D13C7E /* GoogleService-Info.plist */; };
		856BCD441FA48D33000B4D07 /* DatabaseService.swift in Sources */ = {isa = PBXBuildFile; fileRef = 856BCD431FA48D33000B4D07 /* DatabaseService.swift */; };
		856BCD461FA49C53000B4D07 /* PostsSnapshow.swift in Sources */ = {isa = PBXBuildFile; fileRef = 856BCD451FA49C53000B4D07 /* PostsSnapshow.swift */; };
/* End PBXBuildFile section */

/* Begin PBXFileReference section */
		7C2B863998EEE776BC4954FA /* Pods_data_structure.framework */ = {isa = PBXFileReference; explicitFileType = wrapper.framework; includeInIndex = 0; path = Pods_data_structure.framework; sourceTree = BUILT_PRODUCTS_DIR; };
		8550CB5B1FA481E100D13C7E /* data structure.app */ = {isa = PBXFileReference; explicitFileType = wrapper.application; includeInIndex = 0; path = "data structure.app"; sourceTree = BUILT_PRODUCTS_DIR; };
		8550CB5E1FA481E100D13C7E /* AppDelegate.swift */ = {isa = PBXFileReference; lastKnownFileType = sourcecode.swift; path = AppDelegate.swift; sourceTree = "<group>"; };
		8550CB601FA481E100D13C7E /* ViewController.swift */ = {isa = PBXFileReference; lastKnownFileType = sourcecode.swift; path = ViewController.swift; sourceTree = "<group>"; };
		8550CB631FA481E100D13C7E /* Base */ = {isa = PBXFileReference; lastKnownFileType = file.storyboard; name = Base; path = Base.lproj/Main.storyboard; sourceTree = "<group>"; };
		8550CB651FA481E100D13C7E /* Assets.xcassets */ = {isa = PBXFileReference; lastKnownFileType = folder.assetcatalog; path = Assets.xcassets; sourceTree = "<group>"; };
		8550CB681FA481E100D13C7E /* Base */ = {isa = PBXFileReference; lastKnownFileType = file.storyboard; name = Base; path = Base.lproj/LaunchScreen.storyboard; sourceTree = "<group>"; };
		8550CB6A1FA481E200D13C7E /* Info.plist */ = {isa = PBXFileReference; lastKnownFileType = text.plist.xml; path = Info.plist; sourceTree = "<group>"; };
		8550CB701FA4879900D13C7E /* Post.swift */ = {isa = PBXFileReference; lastKnownFileType = sourcecode.swift; path = Post.swift; sourceTree = "<group>"; };
		8550CB721FA48B2200D13C7E /* GoogleService-Info.plist */ = {isa = PBXFileReference; lastKnownFileType = text.plist.xml; path = "GoogleService-Info.plist"; sourceTree = "<group>"; };
		856BCD431FA48D33000B4D07 /* DatabaseService.swift */ = {isa = PBXFileReference; lastKnownFileType = sourcecode.swift; path = DatabaseService.swift; sourceTree = "<group>"; };
		856BCD451FA49C53000B4D07 /* PostsSnapshow.swift */ = {isa = PBXFileReference; lastKnownFileType = sourcecode.swift; path = PostsSnapshow.swift; sourceTree = "<group>"; };
		B1EDC02E57A0A4E76F2A6DB9 /* Pods-data structure.release.xcconfig */ = {isa = PBXFileReference; includeInIndex = 1; lastKnownFileType = text.xcconfig; name = "Pods-data structure.release.xcconfig"; path = "Pods/Target Support Files/Pods-data structure/Pods-data structure.release.xcconfig"; sourceTree = "<group>"; };
		E796518B59E7C4B955CFB3E8 /* Pods-data structure.debug.xcconfig */ = {isa = PBXFileReference; includeInIndex = 1; lastKnownFileType = text.xcconfig; name = "Pods-data structure.debug.xcconfig"; path = "Pods/Target Support Files/Pods-data structure/Pods-data structure.debug.xcconfig"; sourceTree = "<group>"; };
/* End PBXFileReference section */

/* Begin PBXFrameworksBuildPhase section */
		8550CB581FA481E100D13C7E /* Frameworks */ = {
			isa = PBXFrameworksBuildPhase;
			buildActionMask = 2147483647;
			files = (
				567FE4DD4730D8D19607AFC8 /* Pods_data_structure.framework in Frameworks */,
			);
			runOnlyForDeploymentPostprocessing = 0;
		};
/* End PBXFrameworksBuildPhase section */

/* Begin PBXGroup section */
		398BA2642C919472BD9F43C0 /* Pods */ = {
			isa = PBXGroup;
			children = (
				E796518B59E7C4B955CFB3E8 /* Pods-data structure.debug.xcconfig */,
				B1EDC02E57A0A4E76F2A6DB9 /* Pods-data structure.release.xcconfig */,
			);
			name = Pods;
			sourceTree = "<group>";
		};
		67BB3EB21B9638B08ACD57B7 /* Frameworks */ = {
			isa = PBXGroup;
			children = (
				7C2B863998EEE776BC4954FA /* Pods_data_structure.framework */,
			);
			name = Frameworks;
			sourceTree = "<group>";
		};
		8550CB521FA481E100D13C7E = {
			isa = PBXGroup;
			children = (
				8550CB5D1FA481E100D13C7E /* data structure */,
				8550CB5C1FA481E100D13C7E /* Products */,
				398BA2642C919472BD9F43C0 /* Pods */,
				67BB3EB21B9638B08ACD57B7 /* Frameworks */,
			);
			sourceTree = "<group>";
		};
		8550CB5C1FA481E100D13C7E /* Products */ = {
			isa = PBXGroup;
			children = (
				8550CB5B1FA481E100D13C7E /* data structure.app */,
			);
			name = Products;
			sourceTree = "<group>";
		};
		8550CB5D1FA481E100D13C7E /* data structure */ = {
			isa = PBXGroup;
			children = (
				8550CB5E1FA481E100D13C7E /* AppDelegate.swift */,
				8550CB601FA481E100D13C7E /* ViewController.swift */,
				856BCD431FA48D33000B4D07 /* DatabaseService.swift */,
				8550CB701FA4879900D13C7E /* Post.swift */,
				856BCD451FA49C53000B4D07 /* PostsSnapshow.swift */,
				8550CB621FA481E100D13C7E /* Main.storyboard */,
				8550CB651FA481E100D13C7E /* Assets.xcassets */,
				8550CB671FA481E100D13C7E /* LaunchScreen.storyboard */,
				8550CB6A1FA481E200D13C7E /* Info.plist */,
				8550CB721FA48B2200D13C7E /* GoogleService-Info.plist */,
			);
			path = "data structure";
			sourceTree = "<group>";
		};
/* End PBXGroup section */

/* Begin PBXNativeTarget section */
		8550CB5A1FA481E100D13C7E /* data structure */ = {
			isa = PBXNativeTarget;
			buildConfigurationList = 8550CB6D1FA481E200D13C7E /* Build configuration list for PBXNativeTarget "data structure" */;
			buildPhases = (
				14839CF4BE2A70427E7C113D /* [CP] Check Pods Manifest.lock */,
				8550CB571FA481E100D13C7E /* Sources */,
				8550CB581FA481E100D13C7E /* Frameworks */,
				8550CB591FA481E100D13C7E /* Resources */,
				B018276CE575F7F1FD644481 /* [CP] Embed Pods Frameworks */,
				77ACC3C3932DBBB5403E5008 /* [CP] Copy Pods Resources */,
			);
			buildRules = (
			);
			dependencies = (
			);
			name = "data structure";
			productName = "data structure";
			productReference = 8550CB5B1FA481E100D13C7E /* data structure.app */;
			productType = "com.apple.product-type.application";
		};
/* End PBXNativeTarget section */

/* Begin PBXProject section */
		8550CB531FA481E100D13C7E /* Project object */ = {
			isa = PBXProject;
			attributes = {
				LastSwiftUpdateCheck = 0900;
				LastUpgradeCheck = 0900;
				ORGANIZATIONNAME = Minami;
				TargetAttributes = {
					8550CB5A1FA481E100D13C7E = {
						CreatedOnToolsVersion = 9.0;
						ProvisioningStyle = Automatic;
					};
				};
			};
			buildConfigurationList = 8550CB561FA481E100D13C7E /* Build configuration list for PBXProject "data structure" */;
			compatibilityVersion = "Xcode 8.0";
			developmentRegion = en;
			hasScannedForEncodings = 0;
			knownRegions = (
				en,
				Base,
			);
			mainGroup = 8550CB521FA481E100D13C7E;
			productRefGroup = 8550CB5C1FA481E100D13C7E /* Products */;
			projectDirPath = "";
			projectRoot = "";
			targets = (
				8550CB5A1FA481E100D13C7E /* data structure */,
			);
		};
/* End PBXProject section */

/* Begin PBXResourcesBuildPhase section */
		8550CB591FA481E100D13C7E /* Resources */ = {
			isa = PBXResourcesBuildPhase;
			buildActionMask = 2147483647;
			files = (
				8550CB691FA481E100D13C7E /* LaunchScreen.storyboard in Resources */,
				8550CB731FA48B2500D13C7E /* GoogleService-Info.plist in Resources */,
				8550CB661FA481E100D13C7E /* Assets.xcassets in Resources */,
				8550CB641FA481E100D13C7E /* Main.storyboard in Resources */,
			);
			runOnlyForDeploymentPostprocessing = 0;
		};
/* End PBXResourcesBuildPhase section */

/* Begin PBXShellScriptBuildPhase section */
		14839CF4BE2A70427E7C113D /* [CP] Check Pods Manifest.lock */ = {
			isa = PBXShellScriptBuildPhase;
			buildActionMask = 2147483647;
			files = (
			);
			inputPaths = (
				"${PODS_PODFILE_DIR_PATH}/Podfile.lock",
				"${PODS_ROOT}/Manifest.lock",
			);
			name = "[CP] Check Pods Manifest.lock";
			outputPaths = (
				"$(DERIVED_FILE_DIR)/Pods-data structure-checkManifestLockResult.txt",
			);
			runOnlyForDeploymentPostprocessing = 0;
			shellPath = /bin/sh;
			shellScript = "diff \"${PODS_PODFILE_DIR_PATH}/Podfile.lock\" \"${PODS_ROOT}/Manifest.lock\" > /dev/null\nif [ $? != 0 ] ; then\n    # print error to STDERR\n    echo \"error: The sandbox is not in sync with the Podfile.lock. Run 'pod install' or update your CocoaPods installation.\" >&2\n    exit 1\nfi\n# This output is used by Xcode 'outputs' to avoid re-running this script phase.\necho \"SUCCESS\" > \"${SCRIPT_OUTPUT_FILE_0}\"\n";
			showEnvVarsInLog = 0;
		};
		77ACC3C3932DBBB5403E5008 /* [CP] Copy Pods Resources */ = {
			isa = PBXShellScriptBuildPhase;
			buildActionMask = 2147483647;
			files = (
			);
			inputPaths = (
			);
			name = "[CP] Copy Pods Resources";
			outputPaths = (
			);
			runOnlyForDeploymentPostprocessing = 0;
			shellPath = /bin/sh;
			shellScript = "\"${SRCROOT}/Pods/Target Support Files/Pods-data structure/Pods-data structure-resources.sh\"\n";
			showEnvVarsInLog = 0;
		};
		B018276CE575F7F1FD644481 /* [CP] Embed Pods Frameworks */ = {
			isa = PBXShellScriptBuildPhase;
			buildActionMask = 2147483647;
			files = (
			);
			inputPaths = (
				"${SRCROOT}/Pods/Target Support Files/Pods-data structure/Pods-data structure-frameworks.sh",
				"${BUILT_PRODUCTS_DIR}/GoogleToolboxForMac/GoogleToolboxForMac.framework",
				"${BUILT_PRODUCTS_DIR}/leveldb-library/leveldb.framework",
				"${BUILT_PRODUCTS_DIR}/nanopb/nanopb.framework",
			);
			name = "[CP] Embed Pods Frameworks";
			outputPaths = (
				"${TARGET_BUILD_DIR}/${FRAMEWORKS_FOLDER_PATH}/GoogleToolboxForMac.framework",
				"${TARGET_BUILD_DIR}/${FRAMEWORKS_FOLDER_PATH}/leveldb.framework",
				"${TARGET_BUILD_DIR}/${FRAMEWORKS_FOLDER_PATH}/nanopb.framework",
			);
			runOnlyForDeploymentPostprocessing = 0;
			shellPath = /bin/sh;
			shellScript = "\"${SRCROOT}/Pods/Target Support Files/Pods-data structure/Pods-data structure-frameworks.sh\"\n";
			showEnvVarsInLog = 0;
		};
/* End PBXShellScriptBuildPhase section */

/* Begin PBXSourcesBuildPhase section */
		8550CB571FA481E100D13C7E /* Sources */ = {
			isa = PBXSourcesBuildPhase;
			buildActionMask = 2147483647;
			files = (
				856BCD461FA49C53000B4D07 /* PostsSnapshow.swift in Sources */,
				8550CB711FA4879900D13C7E /* Post.swift in Sources */,
				8550CB611FA481E100D13C7E /* ViewController.swift in Sources */,
				856BCD441FA48D33000B4D07 /* DatabaseService.swift in Sources */,
				8550CB5F1FA481E100D13C7E /* AppDelegate.swift in Sources */,
			);
			runOnlyForDeploymentPostprocessing = 0;
		};
/* End PBXSourcesBuildPhase section */

/* Begin PBXVariantGroup section */
		8550CB621FA481E100D13C7E /* Main.storyboard */ = {
			isa = PBXVariantGroup;
			children = (
				8550CB631FA481E100D13C7E /* Base */,
			);
			name = Main.storyboard;
			sourceTree = "<group>";
		};
		8550CB671FA481E100D13C7E /* LaunchScreen.storyboard */ = {
			isa = PBXVariantGroup;
			children = (
				8550CB681FA481E100D13C7E /* Base */,
			);
			name = LaunchScreen.storyboard;
			sourceTree = "<group>";
		};
/* End PBXVariantGroup section */

/* Begin XCBuildConfiguration section */
		8550CB6B1FA481E200D13C7E /* Debug */ = {
			isa = XCBuildConfiguration;
			buildSettings = {
				ALWAYS_SEARCH_USER_PATHS = NO;
				CLANG_ANALYZER_NONNULL = YES;
				CLANG_ANALYZER_NUMBER_OBJECT_CONVERSION = YES_AGGRESSIVE;
				CLANG_CXX_LANGUAGE_STANDARD = "gnu++14";
				CLANG_CXX_LIBRARY = "libc++";
				CLANG_ENABLE_MODULES = YES;
				CLANG_ENABLE_OBJC_ARC = YES;
				CLANG_WARN_BLOCK_CAPTURE_AUTORELEASING = YES;
				CLANG_WARN_BOOL_CONVERSION = YES;
				CLANG_WARN_COMMA = YES;
				CLANG_WARN_CONSTANT_CONVERSION = YES;
				CLANG_WARN_DIRECT_OBJC_ISA_USAGE = YES_ERROR;
				CLANG_WARN_DOCUMENTATION_COMMENTS = YES;
				CLANG_WARN_EMPTY_BODY = YES;
				CLANG_WARN_ENUM_CONVERSION = YES;
				CLANG_WARN_INFINITE_RECURSION = YES;
				CLANG_WARN_INT_CONVERSION = YES;
				CLANG_WARN_NON_LITERAL_NULL_CONVERSION = YES;
				CLANG_WARN_OBJC_LITERAL_CONVERSION = YES;
				CLANG_WARN_OBJC_ROOT_CLASS = YES_ERROR;
				CLANG_WARN_RANGE_LOOP_ANALYSIS = YES;
				CLANG_WARN_STRICT_PROTOTYPES = YES;
				CLANG_WARN_SUSPICIOUS_MOVE = YES;
				CLANG_WARN_UNGUARDED_AVAILABILITY = YES_AGGRESSIVE;
				CLANG_WARN_UNREACHABLE_CODE = YES;
				CLANG_WARN__DUPLICATE_METHOD_MATCH = YES;
				CODE_SIGN_IDENTITY = "iPhone Developer";
				COPY_PHASE_STRIP = NO;
				DEBUG_INFORMATION_FORMAT = dwarf;
				ENABLE_STRICT_OBJC_MSGSEND = YES;
				ENABLE_TESTABILITY = YES;
				GCC_C_LANGUAGE_STANDARD = gnu11;
				GCC_DYNAMIC_NO_PIC = NO;
				GCC_NO_COMMON_BLOCKS = YES;
				GCC_OPTIMIZATION_LEVEL = 0;
				GCC_PREPROCESSOR_DEFINITIONS = (
					"DEBUG=1",
					"$(inherited)",
				);
				GCC_WARN_64_TO_32_BIT_CONVERSION = YES;
				GCC_WARN_ABOUT_RETURN_TYPE = YES_ERROR;
				GCC_WARN_UNDECLARED_SELECTOR = YES;
				GCC_WARN_UNINITIALIZED_AUTOS = YES_AGGRESSIVE;
				GCC_WARN_UNUSED_FUNCTION = YES;
				GCC_WARN_UNUSED_VARIABLE = YES;
				IPHONEOS_DEPLOYMENT_TARGET = 11.0;
				MTL_ENABLE_DEBUG_INFO = YES;
				ONLY_ACTIVE_ARCH = YES;
				SDKROOT = iphoneos;
				SWIFT_ACTIVE_COMPILATION_CONDITIONS = DEBUG;
				SWIFT_OPTIMIZATION_LEVEL = "-Onone";
			};
			name = Debug;
		};
		8550CB6C1FA481E200D13C7E /* Release */ = {
			isa = XCBuildConfiguration;
			buildSettings = {
				ALWAYS_SEARCH_USER_PATHS = NO;
				CLANG_ANALYZER_NONNULL = YES;
				CLANG_ANALYZER_NUMBER_OBJECT_CONVERSION = YES_AGGRESSIVE;
				CLANG_CXX_LANGUAGE_STANDARD = "gnu++14";
				CLANG_CXX_LIBRARY = "libc++";
				CLANG_ENABLE_MODULES = YES;
				CLANG_ENABLE_OBJC_ARC = YES;
				CLANG_WARN_BLOCK_CAPTURE_AUTORELEASING = YES;
				CLANG_WARN_BOOL_CONVERSION = YES;
				CLANG_WARN_COMMA = YES;
				CLANG_WARN_CONSTANT_CONVERSION = YES;
				CLANG_WARN_DIRECT_OBJC_ISA_USAGE = YES_ERROR;
				CLANG_WARN_DOCUMENTATION_COMMENTS = YES;
				CLANG_WARN_EMPTY_BODY = YES;
				CLANG_WARN_ENUM_CONVERSION = YES;
				CLANG_WARN_INFINITE_RECURSION = YES;
				CLANG_WARN_INT_CONVERSION = YES;
				CLANG_WARN_NON_LITERAL_NULL_CONVERSION = YES;
				CLANG_WARN_OBJC_LITERAL_CONVERSION = YES;
				CLANG_WARN_OBJC_ROOT_CLASS = YES_ERROR;
				CLANG_WARN_RANGE_LOOP_ANALYSIS = YES;
				CLANG_WARN_STRICT_PROTOTYPES = YES;
				CLANG_WARN_SUSPICIOUS_MOVE = YES;
				CLANG_WARN_UNGUARDED_AVAILABILITY = YES_AGGRESSIVE;
				CLANG_WARN_UNREACHABLE_CODE = YES;
				CLANG_WARN__DUPLICATE_METHOD_MATCH = YES;
				CODE_SIGN_IDENTITY = "iPhone Developer";
				COPY_PHASE_STRIP = NO;
				DEBUG_INFORMATION_FORMAT = "dwarf-with-dsym";
				ENABLE_NS_ASSERTIONS = NO;
				ENABLE_STRICT_OBJC_MSGSEND = YES;
				GCC_C_LANGUAGE_STANDARD = gnu11;
				GCC_NO_COMMON_BLOCKS = YES;
				GCC_WARN_64_TO_32_BIT_CONVERSION = YES;
				GCC_WARN_ABOUT_RETURN_TYPE = YES_ERROR;
				GCC_WARN_UNDECLARED_SELECTOR = YES;
				GCC_WARN_UNINITIALIZED_AUTOS = YES_AGGRESSIVE;
				GCC_WARN_UNUSED_FUNCTION = YES;
				GCC_WARN_UNUSED_VARIABLE = YES;
				IPHONEOS_DEPLOYMENT_TARGET = 11.0;
				MTL_ENABLE_DEBUG_INFO = NO;
				SDKROOT = iphoneos;
				SWIFT_OPTIMIZATION_LEVEL = "-Owholemodule";
				VALIDATE_PRODUCT = YES;
			};
			name = Release;
		};
		8550CB6E1FA481E200D13C7E /* Debug */ = {
			isa = XCBuildConfiguration;
			baseConfigurationReference = E796518B59E7C4B955CFB3E8 /* Pods-data structure.debug.xcconfig */;
			buildSettings = {
				ASSETCATALOG_COMPILER_APPICON_NAME = AppIcon;
				CODE_SIGN_STYLE = Automatic;
				DEVELOPMENT_TEAM = AR762T3P84;
				INFOPLIST_FILE = "data structure/Info.plist";
				LD_RUNPATH_SEARCH_PATHS = "$(inherited) @executable_path/Frameworks";
				PRODUCT_BUNDLE_IDENTIFIER = "hzrb.data-structure";
				PRODUCT_NAME = "$(TARGET_NAME)";
				SWIFT_VERSION = 4.0;
				TARGETED_DEVICE_FAMILY = "1,2";
			};
			name = Debug;
		};
		8550CB6F1FA481E200D13C7E /* Release */ = {
			isa = XCBuildConfiguration;
			baseConfigurationReference = B1EDC02E57A0A4E76F2A6DB9 /* Pods-data structure.release.xcconfig */;
			buildSettings = {
				ASSETCATALOG_COMPILER_APPICON_NAME = AppIcon;
				CODE_SIGN_STYLE = Automatic;
				DEVELOPMENT_TEAM = AR762T3P84;
				INFOPLIST_FILE = "data structure/Info.plist";
				LD_RUNPATH_SEARCH_PATHS = "$(inherited) @executable_path/Frameworks";
				PRODUCT_BUNDLE_IDENTIFIER = "hzrb.data-structure";
				PRODUCT_NAME = "$(TARGET_NAME)";
				SWIFT_VERSION = 4.0;
				TARGETED_DEVICE_FAMILY = "1,2";
			};
			name = Release;
		};
/* End XCBuildConfiguration section */

/* Begin XCConfigurationList section */
		8550CB561FA481E100D13C7E /* Build configuration list for PBXProject "data structure" */ = {
			isa = XCConfigurationList;
			buildConfigurations = (
				8550CB6B1FA481E200D13C7E /* Debug */,
				8550CB6C1FA481E200D13C7E /* Release */,
			);
			defaultConfigurationIsVisible = 0;
			defaultConfigurationName = Release;
		};
		8550CB6D1FA481E200D13C7E /* Build configuration list for PBXNativeTarget "data structure" */ = {
			isa = XCConfigurationList;
			buildConfigurations = (
				8550CB6E1FA481E200D13C7E /* Debug */,
				8550CB6F1FA481E200D13C7E /* Release */,
			);
			defaultConfigurationIsVisible = 0;
			defaultConfigurationName = Release;
		};
/* End XCConfigurationList section */
	};
	rootObject = 8550CB531FA481E100D13C7E /* Project object */;
}
